
Microsoft Visual Studio Solution File, Format Version 12.00
# Visual Studio 15
VisualStudioVersion = 15.0.28010.2050
MinimumVisualStudioVersion = 10.0.40219.1
Project("{FAE04EC0-301F-11D3-BF4B-00C04F79EFBC}") = "MVC-GymBase-ProjectDBS", "MVC-GymBase-ProjectDBS\MVC-GymBase-ProjectDBS.csproj", "{997BD33F-B64B-4E85-825A-CAE14BAD1BA2}"
EndProject
Project("{FAE04EC0-301F-11D3-BF4B-00C04F79EFBC}") = "MVC-GymBase-ProjectDBS.Tests", "MVC-GymBase-ProjectDBS.Tests\MVC-GymBase-ProjectDBS.Tests.csproj", "{90C3BFB2-2852-474D-B061-2CC5ABA327F6}"
EndProject
Global
	GlobalSection(SolutionConfigurationPlatforms) = preSolution
		Debug|Any CPU = Debug|Any CPU
		Release|Any CPU = Release|Any CPU
	EndGlobalSection
	GlobalSection(ProjectConfigurationPlatforms) = postSolution
		{997BD33F-B64B-4E85-825A-CAE14BAD1BA2}.Debug|Any CPU.ActiveCfg = Debug|Any CPU
		{997BD33F-B64B-4E85-825A-CAE14BAD1BA2}.Debug|Any CPU.Build.0 = Debug|Any CPU
		{997BD33F-B64B-4E85-825A-CAE14BAD1BA2}.Release|Any CPU.ActiveCfg = Release|Any CPU
		{997BD33F-B64B-4E85-825A-CAE14BAD1BA2}.Release|Any CPU.Build.0 = Release|Any CPU
		{90C3BFB2-2852-474D-B061-2CC5ABA327F6}.Debug|Any CPU.ActiveCfg = Debug|Any CPU
		{90C3BFB2-2852-474D-B061-2CC5ABA327F6}.Debug|Any CPU.Build.0 = Debug|Any CPU
		{90C3BFB2-2852-474D-B061-2CC5ABA327F6}.Release|Any CPU.ActiveCfg = Release|Any CPU
		{90C3BFB2-2852-474D-B061-2CC5ABA327F6}.Release|Any CPU.Build.0 = Release|Any CPU
	EndGlobalSection
	GlobalSection(SolutionProperties) = preSolution
		HideSolutionNode = FALSE
	EndGlobalSection
	GlobalSection(ExtensibilityGlobals) = postSolution
		SolutionGuid = {6AD6CD34-B339-4C6C-9D42-C946E1C9E9F4}
	EndGlobalSection
EndGlobal
